
Microsoft Visual Studio Solution File, Format Version 12.00
# Visual Studio Version 17
VisualStudioVersion = 17.4.33213.308
MinimumVisualStudioVersion = 10.0.40219.1
Project("{FAE04EC0-301F-11D3-BF4B-00C04F79EFBC}") = "Modul3_1302213037-1", "Modul3_1302213037-1\Modul3_1302213037-1.csproj", "{BB4A1091-FAE2-4802-BFEB-D0F661E84662}"
EndProject
Global
	GlobalSection(SolutionConfigurationPlatforms) = preSolution
		Debug|Any CPU = Debug|Any CPU
		Release|Any CPU = Release|Any CPU
	EndGlobalSection
	GlobalSection(ProjectConfigurationPlatforms) = postSolution
		{BB4A1091-FAE2-4802-BFEB-D0F661E84662}.Debug|Any CPU.ActiveCfg = Debug|Any CPU
		{BB4A1091-FAE2-4802-BFEB-D0F661E84662}.Debug|Any CPU.Build.0 = Debug|Any CPU
		{BB4A1091-FAE2-4802-BFEB-D0F661E84662}.Release|Any CPU.ActiveCfg = Release|Any CPU
		{BB4A1091-FAE2-4802-BFEB-D0F661E84662}.Release|Any CPU.Build.0 = Release|Any CPU
	EndGlobalSection
	GlobalSection(SolutionProperties) = preSolution
		HideSolutionNode = FALSE
	EndGlobalSection
	GlobalSection(ExtensibilityGlobals) = postSolution
		SolutionGuid = {607FD279-1D33-45E7-B345-02E3988870FC}
	EndGlobalSection
EndGlobal
